
Microsoft Visual Studio Solution File, Format Version 12.00
# Visual Studio 15
VisualStudioVersion = 15.0.28307.539
MinimumVisualStudioVersion = 10.0.40219.1
Project("{FAE04EC0-301F-11D3-BF4B-00C04F79EFBC}") = "JMAInsurance.EntityFramwork", "JMAInsurance.EntityFramwork\JMAInsurance.EntityFramwork.csproj", "{A679EA97-2FC2-4CBE-8871-E5C9C8FA11CB}"
EndProject
Project("{FAE04EC0-301F-11D3-BF4B-00C04F79EFBC}") = "JMAInsurance.Dto", "JMAInsurance.Dto\JMAInsurance.Dto.csproj", "{BFB5ADBE-5B4D-4D75-B7FE-FC3EDADC9E50}"
EndProject
Project("{FAE04EC0-301F-11D3-BF4B-00C04F79EFBC}") = "JMAInsurance.Application", "JMAInsurance.Application\JMAInsurance.Application.csproj", "{3F06528C-7AA2-4AD8-9ECA-094337086681}"
EndProject
Project("{FAE04EC0-301F-11D3-BF4B-00C04F79EFBC}") = "JMAInsurance.ApplicationShared", "JMAInsurance.ApplicationShared\JMAInsurance.ApplicationShared.csproj", "{12327525-7D96-4C92-935C-8CC1FEDD7AD3}"
EndProject
Project("{FAE04EC0-301F-11D3-BF4B-00C04F79EFBC}") = "JMAInsurance.Repository", "JMAInsurance.Repository\JMAInsurance.Repository.csproj", "{54CFE467-8AE0-4F33-B2B8-B12AEFACDE04}"
EndProject
Project("{FAE04EC0-301F-11D3-BF4B-00C04F79EFBC}") = "JMAInsurance.Web", "JMAInsurance.Web\JMAInsurance.Web.csproj", "{6AD9DDAC-FDD0-4AD4-A68D-4E072F2D063D}"
EndProject
Project("{FAE04EC0-301F-11D3-BF4B-00C04F79EFBC}") = "JMAInsurance.Model", "JMAInsurance.Model\JMAInsurance.Model.csproj", "{B78C9C68-4C36-408B-8ED8-54AA68DFA6B6}"
EndProject
Global
	GlobalSection(SolutionConfigurationPlatforms) = preSolution
		Debug|Any CPU = Debug|Any CPU
		Release|Any CPU = Release|Any CPU
	EndGlobalSection
	GlobalSection(ProjectConfigurationPlatforms) = postSolution
		{A679EA97-2FC2-4CBE-8871-E5C9C8FA11CB}.Debug|Any CPU.ActiveCfg = Debug|Any CPU
		{A679EA97-2FC2-4CBE-8871-E5C9C8FA11CB}.Debug|Any CPU.Build.0 = Debug|Any CPU
		{A679EA97-2FC2-4CBE-8871-E5C9C8FA11CB}.Release|Any CPU.ActiveCfg = Release|Any CPU
		{A679EA97-2FC2-4CBE-8871-E5C9C8FA11CB}.Release|Any CPU.Build.0 = Release|Any CPU
		{BFB5ADBE-5B4D-4D75-B7FE-FC3EDADC9E50}.Debug|Any CPU.ActiveCfg = Debug|Any CPU
		{BFB5ADBE-5B4D-4D75-B7FE-FC3EDADC9E50}.Debug|Any CPU.Build.0 = Debug|Any CPU
		{BFB5ADBE-5B4D-4D75-B7FE-FC3EDADC9E50}.Release|Any CPU.ActiveCfg = Release|Any CPU
		{BFB5ADBE-5B4D-4D75-B7FE-FC3EDADC9E50}.Release|Any CPU.Build.0 = Release|Any CPU
		{3F06528C-7AA2-4AD8-9ECA-094337086681}.Debug|Any CPU.ActiveCfg = Debug|Any CPU
		{3F06528C-7AA2-4AD8-9ECA-094337086681}.Debug|Any CPU.Build.0 = Debug|Any CPU
		{3F06528C-7AA2-4AD8-9ECA-094337086681}.Release|Any CPU.ActiveCfg = Release|Any CPU
		{3F06528C-7AA2-4AD8-9ECA-094337086681}.Release|Any CPU.Build.0 = Release|Any CPU
		{12327525-7D96-4C92-935C-8CC1FEDD7AD3}.Debug|Any CPU.ActiveCfg = Debug|Any CPU
		{12327525-7D96-4C92-935C-8CC1FEDD7AD3}.Debug|Any CPU.Build.0 = Debug|Any CPU
		{12327525-7D96-4C92-935C-8CC1FEDD7AD3}.Release|Any CPU.ActiveCfg = Release|Any CPU
		{12327525-7D96-4C92-935C-8CC1FEDD7AD3}.Release|Any CPU.Build.0 = Release|Any CPU
		{54CFE467-8AE0-4F33-B2B8-B12AEFACDE04}.Debug|Any CPU.ActiveCfg = Debug|Any CPU
		{54CFE467-8AE0-4F33-B2B8-B12AEFACDE04}.Debug|Any CPU.Build.0 = Debug|Any CPU
		{54CFE467-8AE0-4F33-B2B8-B12AEFACDE04}.Release|Any CPU.ActiveCfg = Release|Any CPU
		{54CFE467-8AE0-4F33-B2B8-B12AEFACDE04}.Release|Any CPU.Build.0 = Release|Any CPU
		{6AD9DDAC-FDD0-4AD4-A68D-4E072F2D063D}.Debug|Any CPU.ActiveCfg = Debug|Any CPU
		{6AD9DDAC-FDD0-4AD4-A68D-4E072F2D063D}.Debug|Any CPU.Build.0 = Debug|Any CPU
		{6AD9DDAC-FDD0-4AD4-A68D-4E072F2D063D}.Release|Any CPU.ActiveCfg = Release|Any CPU
		{6AD9DDAC-FDD0-4AD4-A68D-4E072F2D063D}.Release|Any CPU.Build.0 = Release|Any CPU
		{B78C9C68-4C36-408B-8ED8-54AA68DFA6B6}.Debug|Any CPU.ActiveCfg = Debug|Any CPU
		{B78C9C68-4C36-408B-8ED8-54AA68DFA6B6}.Debug|Any CPU.Build.0 = Debug|Any CPU
		{B78C9C68-4C36-408B-8ED8-54AA68DFA6B6}.Release|Any CPU.ActiveCfg = Release|Any CPU
		{B78C9C68-4C36-408B-8ED8-54AA68DFA6B6}.Release|Any CPU.Build.0 = Release|Any CPU
	EndGlobalSection
	GlobalSection(SolutionProperties) = preSolution
		HideSolutionNode = FALSE
	EndGlobalSection
	GlobalSection(ExtensibilityGlobals) = postSolution
		SolutionGuid = {068B8048-B5F5-489D-85C1-974F51651747}
	EndGlobalSection
EndGlobal
